// !$*UTF8*$!
{
	archiveVersion = 1;
	classes = {
	};
	objectVersion = 56;
	objects = {

/* Begin PBXBuildFile section */
		5DDEFBA42C2A7E5600257DA7 /* tipcalcApp.swift in Sources */ = {isa = PBXBuildFile; fileRef = 5DDEFBA32C2A7E5600257DA7 /* tipcalcApp.swift */; };
		5DDEFBA62C2A7E5600257DA7 /* ContentView.swift in Sources */ = {isa = PBXBuildFile; fileRef = 5DDEFBA52C2A7E5600257DA7 /* ContentView.swift */; };
		5DDEFBA82C2A7E5700257DA7 /* Assets.xcassets in Resources */ = {isa = PBXBuildFile; fileRef = 5DDEFBA72C2A7E5700257DA7 /* Assets.xcassets */; };
		5DDEFBAB2C2A7E5700257DA7 /* Preview Assets.xcassets in Resources */ = {isa = PBXBuildFile; fileRef = 5DDEFBAA2C2A7E5700257DA7 /* Preview Assets.xcassets */; };
		5DDEFBB52C2A7E5700257DA7 /* tipcalcTests.swift in Sources */ = {isa = PBXBuildFile; fileRef = 5DDEFBB42C2A7E5700257DA7 /* tipcalcTests.swift */; };
		5DDEFBBF2C2A7E5700257DA7 /* tipcalcUITests.swift in Sources */ = {isa = PBXBuildFile; fileRef = 5DDEFBBE2C2A7E5700257DA7 /* tipcalcUITests.swift */; };
		5DDEFBC12C2A7E5700257DA7 /* tipcalcUITestsLaunchTests.swift in Sources */ = {isa = PBXBuildFile; fileRef = 5DDEFBC02C2A7E5700257DA7 /* tipcalcUITestsLaunchTests.swift */; };
/* End PBXBuildFile section */

/* Begin PBXContainerItemProxy section */
		5DDEFBB12C2A7E5700257DA7 /* PBXContainerItemProxy */ = {
			isa = PBXContainerItemProxy;
			containerPortal = 84DE93952B202F62006BDECB /* Project object */;
			proxyType = 1;
			remoteGlobalIDString = 5DDEFBA02C2A7E5600257DA7;
			remoteInfo = tipcalc;
		};
		5DDEFBBB2C2A7E5700257DA7 /* PBXContainerItemProxy */ = {
			isa = PBXContainerItemProxy;
			containerPortal = 84DE93952B202F62006BDECB /* Project object */;
			proxyType = 1;
			remoteGlobalIDString = 5DDEFBA02C2A7E5600257DA7;
			remoteInfo = tipcalc;
		};
/* End PBXContainerItemProxy section */

/* Begin PBXFileReference section */
		5DDEFBA12C2A7E5600257DA7 /* tipcalc.app */ = {isa = PBXFileReference; explicitFileType = wrapper.application; includeInIndex = 0; path = tipcalc.app; sourceTree = BUILT_PRODUCTS_DIR; };
		5DDEFBA32C2A7E5600257DA7 /* tipcalcApp.swift */ = {isa = PBXFileReference; lastKnownFileType = sourcecode.swift; path = tipcalcApp.swift; sourceTree = "<group>"; };
		5DDEFBA52C2A7E5600257DA7 /* ContentView.swift */ = {isa = PBXFileReference; lastKnownFileType = sourcecode.swift; path = ContentView.swift; sourceTree = "<group>"; };
		5DDEFBA72C2A7E5700257DA7 /* Assets.xcassets */ = {isa = PBXFileReference; lastKnownFileType = folder.assetcatalog; path = Assets.xcassets; sourceTree = "<group>"; };
		5DDEFBAA2C2A7E5700257DA7 /* Preview Assets.xcassets */ = {isa = PBXFileReference; lastKnownFileType = folder.assetcatalog; path = "Preview Assets.xcassets"; sourceTree = "<group>"; };
		5DDEFBB02C2A7E5700257DA7 /* tipcalcTests.xctest */ = {isa = PBXFileReference; explicitFileType = wrapper.cfbundle; includeInIndex = 0; path = tipcalcTests.xctest; sourceTree = BUILT_PRODUCTS_DIR; };
		5DDEFBB42C2A7E5700257DA7 /* tipcalcTests.swift */ = {isa = PBXFileReference; lastKnownFileType = sourcecode.swift; path = tipcalcTests.swift; sourceTree = "<group>"; };
		5DDEFBBA2C2A7E5700257DA7 /* tipcalcUITests.xctest */ = {isa = PBXFileReference; explicitFileType = wrapper.cfbundle; includeInIndex = 0; path = tipcalcUITests.xctest; sourceTree = BUILT_PRODUCTS_DIR; };
		5DDEFBBE2C2A7E5700257DA7 /* tipcalcUITests.swift */ = {isa = PBXFileReference; lastKnownFileType = sourcecode.swift; path = tipcalcUITests.swift; sourceTree = "<group>"; };
		5DDEFBC02C2A7E5700257DA7 /* tipcalcUITestsLaunchTests.swift */ = {isa = PBXFileReference; lastKnownFileType = sourcecode.swift; path = tipcalcUITestsLaunchTests.swift; sourceTree = "<group>"; };
		842525C52B2788BA00DB6CD3 /* ButtonComponent.swift */ = {isa = PBXFileReference; lastKnownFileType = sourcecode.swift; path = ButtonComponent.swift; sourceTree = "<group>"; };
		84A23A2A2B2364DA00654CDF /* FormComponent.swift */ = {isa = PBXFileReference; lastKnownFileType = sourcecode.swift; path = FormComponent.swift; sourceTree = "<group>"; };
		84C3CE682B216CD40036700C /* WebViewController.swift */ = {isa = PBXFileReference; lastKnownFileType = sourcecode.swift; path = WebViewController.swift; sourceTree = "<group>"; };
		84C3CE6E2B216D1E0036700C /* BridgeComponent+App.swift */ = {isa = PBXFileReference; lastKnownFileType = sourcecode.swift; path = "BridgeComponent+App.swift"; sourceTree = "<group>"; };
		84C3CE702B216E010036700C /* Turbo+Configuration.swift */ = {isa = PBXFileReference; lastKnownFileType = sourcecode.swift; path = "Turbo+Configuration.swift"; sourceTree = "<group>"; };
		84C3CE722B216E320036700C /* NavigationComponent.swift */ = {isa = PBXFileReference; lastKnownFileType = sourcecode.swift; path = NavigationComponent.swift; sourceTree = "<group>"; };
		84DE93A02B202F62006BDECB /* AppDelegate.swift */ = {isa = PBXFileReference; lastKnownFileType = sourcecode.swift; path = AppDelegate.swift; sourceTree = "<group>"; };
		84DE93A22B202F62006BDECB /* SceneDelegate.swift */ = {isa = PBXFileReference; lastKnownFileType = sourcecode.swift; path = SceneDelegate.swift; sourceTree = "<group>"; };
		84DE93A72B202F62006BDECB /* Base */ = {isa = PBXFileReference; lastKnownFileType = file.storyboard; name = Base; path = Base.lproj/Main.storyboard; sourceTree = "<group>"; };
		84DE93A92B202F63006BDECB /* Assets.xcassets */ = {isa = PBXFileReference; lastKnownFileType = folder.assetcatalog; path = Assets.xcassets; sourceTree = "<group>"; };
		84DE93AC2B202F63006BDECB /* Base */ = {isa = PBXFileReference; lastKnownFileType = file.storyboard; name = Base; path = Base.lproj/LaunchScreen.storyboard; sourceTree = "<group>"; };
		84DE93AE2B202F63006BDECB /* Info.plist */ = {isa = PBXFileReference; lastKnownFileType = text.plist.xml; path = Info.plist; sourceTree = "<group>"; };
		84DE93BA2B203C00006BDECB /* UINavigationBar+Appearance.swift */ = {isa = PBXFileReference; lastKnownFileType = sourcecode.swift; path = "UINavigationBar+Appearance.swift"; sourceTree = "<group>"; };
		84DE93BD2B205228006BDECB /* Endpoint.swift */ = {isa = PBXFileReference; lastKnownFileType = sourcecode.swift; path = Endpoint.swift; sourceTree = "<group>"; };
/* End PBXFileReference section */

/* Begin PBXFrameworksBuildPhase section */
		5DDEFB9E2C2A7E5600257DA7 /* Frameworks */ = {
			isa = PBXFrameworksBuildPhase;
			buildActionMask = 2147483647;
			files = (
			);
			runOnlyForDeploymentPostprocessing = 0;
		};
		5DDEFBAD2C2A7E5700257DA7 /* Frameworks */ = {
			isa = PBXFrameworksBuildPhase;
			buildActionMask = 2147483647;
			files = (
			);
			runOnlyForDeploymentPostprocessing = 0;
		};
		5DDEFBB72C2A7E5700257DA7 /* Frameworks */ = {
			isa = PBXFrameworksBuildPhase;
			buildActionMask = 2147483647;
			files = (
			);
			runOnlyForDeploymentPostprocessing = 0;
		};
/* End PBXFrameworksBuildPhase section */

/* Begin PBXGroup section */
		5DDEFBA22C2A7E5600257DA7 /* tipcalc */ = {
			isa = PBXGroup;
			children = (
				5DDEFBA32C2A7E5600257DA7 /* tipcalcApp.swift */,
				5DDEFBA52C2A7E5600257DA7 /* ContentView.swift */,
				5DDEFBA72C2A7E5700257DA7 /* Assets.xcassets */,
				5DDEFBA92C2A7E5700257DA7 /* Preview Content */,
			);
			path = tipcalc;
			sourceTree = "<group>";
		};
		5DDEFBA92C2A7E5700257DA7 /* Preview Content */ = {
			isa = PBXGroup;
			children = (
				5DDEFBAA2C2A7E5700257DA7 /* Preview Assets.xcassets */,
			);
			path = "Preview Content";
			sourceTree = "<group>";
		};
		5DDEFBB32C2A7E5700257DA7 /* tipcalcTests */ = {
			isa = PBXGroup;
			children = (
				5DDEFBB42C2A7E5700257DA7 /* tipcalcTests.swift */,
			);
			path = tipcalcTests;
			sourceTree = "<group>";
		};
		5DDEFBBD2C2A7E5700257DA7 /* tipcalcUITests */ = {
			isa = PBXGroup;
			children = (
				5DDEFBBE2C2A7E5700257DA7 /* tipcalcUITests.swift */,
				5DDEFBC02C2A7E5700257DA7 /* tipcalcUITestsLaunchTests.swift */,
			);
			path = tipcalcUITests;
			sourceTree = "<group>";
		};
		84C3CE672B216CCC0036700C /* Controllers */ = {
			isa = PBXGroup;
			children = (
				84C3CE682B216CD40036700C /* WebViewController.swift */,
			);
			path = Controllers;
			sourceTree = "<group>";
		};
		84C3CE6D2B216D170036700C /* Components */ = {
			isa = PBXGroup;
			children = (
				84C3CE6E2B216D1E0036700C /* BridgeComponent+App.swift */,
				84A23A2A2B2364DA00654CDF /* FormComponent.swift */,
				842525C52B2788BA00DB6CD3 /* ButtonComponent.swift */,
				84C3CE722B216E320036700C /* NavigationComponent.swift */,
			);
			path = Components;
			sourceTree = "<group>";
		};
		84C3CE752B2173D40036700C /* Frameworks */ = {
			isa = PBXGroup;
			children = (
			);
			name = Frameworks;
			sourceTree = "<group>";
		};
		84DE93942B202F62006BDECB = {
			isa = PBXGroup;
			children = (
				84DE939F2B202F62006BDECB /* App */,
				5DDEFBA22C2A7E5600257DA7 /* tipcalc */,
				5DDEFBB32C2A7E5700257DA7 /* tipcalcTests */,
				5DDEFBBD2C2A7E5700257DA7 /* tipcalcUITests */,
				84DE939E2B202F62006BDECB /* Products */,
				84C3CE752B2173D40036700C /* Frameworks */,
			);
			sourceTree = "<group>";
		};
		84DE939E2B202F62006BDECB /* Products */ = {
			isa = PBXGroup;
			children = (
				5DDEFBA12C2A7E5600257DA7 /* tipcalc.app */,
				5DDEFBB02C2A7E5700257DA7 /* tipcalcTests.xctest */,
				5DDEFBBA2C2A7E5700257DA7 /* tipcalcUITests.xctest */,
			);
			name = Products;
			sourceTree = "<group>";
		};
		84DE939F2B202F62006BDECB /* App */ = {
			isa = PBXGroup;
			children = (
				84C3CE6D2B216D170036700C /* Components */,
				84DE93BC2B205223006BDECB /* Configuration */,
				84C3CE672B216CCC0036700C /* Controllers */,
				84DE93B42B202F95006BDECB /* Delegates */,
				84DE93B92B203BF9006BDECB /* Extensions */,
				84DE93B52B202F99006BDECB /* Resources */,
			);
			path = App;
			sourceTree = "<group>";
		};
		84DE93B42B202F95006BDECB /* Delegates */ = {
			isa = PBXGroup;
			children = (
				84DE93A02B202F62006BDECB /* AppDelegate.swift */,
				84DE93A22B202F62006BDECB /* SceneDelegate.swift */,
			);
			path = Delegates;
			sourceTree = "<group>";
		};
		84DE93B52B202F99006BDECB /* Resources */ = {
			isa = PBXGroup;
			children = (
				84DE93AE2B202F63006BDECB /* Info.plist */,
				84DE93A92B202F63006BDECB /* Assets.xcassets */,
				84DE93AB2B202F63006BDECB /* LaunchScreen.storyboard */,
				84DE93A62B202F62006BDECB /* Main.storyboard */,
			);
			path = Resources;
			sourceTree = "<group>";
		};
		84DE93B92B203BF9006BDECB /* Extensions */ = {
			isa = PBXGroup;
			children = (
				84C3CE702B216E010036700C /* Turbo+Configuration.swift */,
				84DE93BA2B203C00006BDECB /* UINavigationBar+Appearance.swift */,
			);
			path = Extensions;
			sourceTree = "<group>";
		};
		84DE93BC2B205223006BDECB /* Configuration */ = {
			isa = PBXGroup;
			children = (
				84DE93BD2B205228006BDECB /* Endpoint.swift */,
			);
			path = Configuration;
			sourceTree = "<group>";
		};
/* End PBXGroup section */

/* Begin PBXNativeTarget section */
		5DDEFBA02C2A7E5600257DA7 /* tipcalc */ = {
			isa = PBXNativeTarget;
			buildConfigurationList = 5DDEFBC22C2A7E5700257DA7 /* Build configuration list for PBXNativeTarget "tipcalc" */;
			buildPhases = (
				5DDEFB9D2C2A7E5600257DA7 /* Sources */,
				5DDEFB9E2C2A7E5600257DA7 /* Frameworks */,
				5DDEFB9F2C2A7E5600257DA7 /* Resources */,
			);
			buildRules = (
			);
			dependencies = (
			);
			name = tipcalc;
			productName = tipcalc;
			productReference = 5DDEFBA12C2A7E5600257DA7 /* tipcalc.app */;
			productType = "com.apple.product-type.application";
		};
		5DDEFBAF2C2A7E5700257DA7 /* tipcalcTests */ = {
			isa = PBXNativeTarget;
			buildConfigurationList = 5DDEFBC52C2A7E5700257DA7 /* Build configuration list for PBXNativeTarget "tipcalcTests" */;
			buildPhases = (
				5DDEFBAC2C2A7E5700257DA7 /* Sources */,
				5DDEFBAD2C2A7E5700257DA7 /* Frameworks */,
				5DDEFBAE2C2A7E5700257DA7 /* Resources */,
			);
			buildRules = (
			);
			dependencies = (
				5DDEFBB22C2A7E5700257DA7 /* PBXTargetDependency */,
			);
			name = tipcalcTests;
			productName = tipcalcTests;
			productReference = 5DDEFBB02C2A7E5700257DA7 /* tipcalcTests.xctest */;
			productType = "com.apple.product-type.bundle.unit-test";
		};
		5DDEFBB92C2A7E5700257DA7 /* tipcalcUITests */ = {
			isa = PBXNativeTarget;
			buildConfigurationList = 5DDEFBC82C2A7E5700257DA7 /* Build configuration list for PBXNativeTarget "tipcalcUITests" */;
			buildPhases = (
				5DDEFBB62C2A7E5700257DA7 /* Sources */,
				5DDEFBB72C2A7E5700257DA7 /* Frameworks */,
				5DDEFBB82C2A7E5700257DA7 /* Resources */,
			);
			buildRules = (
			);
			dependencies = (
				5DDEFBBC2C2A7E5700257DA7 /* PBXTargetDependency */,
			);
			name = tipcalcUITests;
			productName = tipcalcUITests;
			productReference = 5DDEFBBA2C2A7E5700257DA7 /* tipcalcUITests.xctest */;
			productType = "com.apple.product-type.bundle.ui-testing";
		};
/* End PBXNativeTarget section */

/* Begin PBXProject section */
		84DE93952B202F62006BDECB /* Project object */ = {
			isa = PBXProject;
			attributes = {
				BuildIndependentTargetsInParallel = 1;
				LastSwiftUpdateCheck = 1430;
				LastUpgradeCheck = 1500;
				ORGANIZATIONNAME = "Extra Fahrali simonson";
				TargetAttributes = {
					5DDEFBA02C2A7E5600257DA7 = {
						CreatedOnToolsVersion = 14.3.1;
					};
					5DDEFBAF2C2A7E5700257DA7 = {
						CreatedOnToolsVersion = 14.3.1;
						TestTargetID = 5DDEFBA02C2A7E5600257DA7;
					};
					5DDEFBB92C2A7E5700257DA7 = {
						CreatedOnToolsVersion = 14.3.1;
						TestTargetID = 5DDEFBA02C2A7E5600257DA7;
					};
				};
			};
			buildConfigurationList = 84DE93982B202F62006BDECB /* Build configuration list for PBXProject "DailyLog" */;
			compatibilityVersion = "Xcode 14.0";
			developmentRegion = en;
			hasScannedForEncodings = 0;
			knownRegions = (
				en,
				Base,
			);
			mainGroup = 84DE93942B202F62006BDECB;
			packageReferences = (
				84DE93B62B203033006BDECB /* XCRemoteSwiftPackageReference "turbo-ios" */,
				84C3CE782B2179310036700C /* XCRemoteSwiftPackageReference "strada-ios" */,
			);
			productRefGroup = 84DE939E2B202F62006BDECB /* Products */;
			projectDirPath = "";
			projectRoot = "";
			targets = (
				5DDEFBA02C2A7E5600257DA7 /* tipcalc */,
				5DDEFBAF2C2A7E5700257DA7 /* tipcalcTests */,
				5DDEFBB92C2A7E5700257DA7 /* tipcalcUITests */,
			);
		};
/* End PBXProject section */

/* Begin PBXResourcesBuildPhase section */
		5DDEFB9F2C2A7E5600257DA7 /* Resources */ = {
			isa = PBXResourcesBuildPhase;
			buildActionMask = 2147483647;
			files = (
				5DDEFBAB2C2A7E5700257DA7 /* Preview Assets.xcassets in Resources */,
				5DDEFBA82C2A7E5700257DA7 /* Assets.xcassets in Resources */,
			);
			runOnlyForDeploymentPostprocessing = 0;
		};
		5DDEFBAE2C2A7E5700257DA7 /* Resources */ = {
			isa = PBXResourcesBuildPhase;
			buildActionMask = 2147483647;
			files = (
			);
			runOnlyForDeploymentPostprocessing = 0;
		};
		5DDEFBB82C2A7E5700257DA7 /* Resources */ = {
			isa = PBXResourcesBuildPhase;
			buildActionMask = 2147483647;
			files = (
			);
			runOnlyForDeploymentPostprocessing = 0;
		};
/* End PBXResourcesBuildPhase section */

/* Begin PBXSourcesBuildPhase section */
		5DDEFB9D2C2A7E5600257DA7 /* Sources */ = {
			isa = PBXSourcesBuildPhase;
			buildActionMask = 2147483647;
			files = (
				5DDEFBA62C2A7E5600257DA7 /* ContentView.swift in Sources */,
				5DDEFBA42C2A7E5600257DA7 /* tipcalcApp.swift in Sources */,
			);
			runOnlyForDeploymentPostprocessing = 0;
		};
		5DDEFBAC2C2A7E5700257DA7 /* Sources */ = {
			isa = PBXSourcesBuildPhase;
			buildActionMask = 2147483647;
			files = (
				5DDEFBB52C2A7E5700257DA7 /* tipcalcTests.swift in Sources */,
			);
			runOnlyForDeploymentPostprocessing = 0;
		};
		5DDEFBB62C2A7E5700257DA7 /* Sources */ = {
			isa = PBXSourcesBuildPhase;
			buildActionMask = 2147483647;
			files = (
				5DDEFBBF2C2A7E5700257DA7 /* tipcalcUITests.swift in Sources */,
				5DDEFBC12C2A7E5700257DA7 /* tipcalcUITestsLaunchTests.swift in Sources */,
			);
			runOnlyForDeploymentPostprocessing = 0;
		};
/* End PBXSourcesBuildPhase section */

/* Begin PBXTargetDependency section */
		5DDEFBB22C2A7E5700257DA7 /* PBXTargetDependency */ = {
			isa = PBXTargetDependency;
			target = 5DDEFBA02C2A7E5600257DA7 /* tipcalc */;
			targetProxy = 5DDEFBB12C2A7E5700257DA7 /* PBXContainerItemProxy */;
		};
		5DDEFBBC2C2A7E5700257DA7 /* PBXTargetDependency */ = {
			isa = PBXTargetDependency;
			target = 5DDEFBA02C2A7E5600257DA7 /* tipcalc */;
			targetProxy = 5DDEFBBB2C2A7E5700257DA7 /* PBXContainerItemProxy */;
		};
/* End PBXTargetDependency section */

/* Begin PBXVariantGroup section */
		84DE93A62B202F62006BDECB /* Main.storyboard */ = {
			isa = PBXVariantGroup;
			children = (
				84DE93A72B202F62006BDECB /* Base */,
			);
			name = Main.storyboard;
			sourceTree = "<group>";
		};
		84DE93AB2B202F63006BDECB /* LaunchScreen.storyboard */ = {
			isa = PBXVariantGroup;
			children = (
				84DE93AC2B202F63006BDECB /* Base */,
			);
			name = LaunchScreen.storyboard;
			sourceTree = "<group>";
		};
/* End PBXVariantGroup section */

/* Begin XCBuildConfiguration section */
		5DDEFBC32C2A7E5700257DA7 /* Debug */ = {
			isa = XCBuildConfiguration;
			buildSettings = {
				ASSETCATALOG_COMPILER_APPICON_NAME = AppIcon;
				ASSETCATALOG_COMPILER_GLOBAL_ACCENT_COLOR_NAME = AccentColor;
				CODE_SIGN_STYLE = Automatic;
				CURRENT_PROJECT_VERSION = 1;
				DEVELOPMENT_ASSET_PATHS = "\"tipcalc/Preview Content\"";
				DEVELOPMENT_TEAM = SAYLUML88K;
				ENABLE_PREVIEWS = YES;
				GCC_C_LANGUAGE_STANDARD = gnu11;
				GENERATE_INFOPLIST_FILE = YES;
				INFOPLIST_KEY_UIApplicationSceneManifest_Generation = YES;
				INFOPLIST_KEY_UIApplicationSupportsIndirectInputEvents = YES;
				INFOPLIST_KEY_UILaunchScreen_Generation = YES;
				INFOPLIST_KEY_UISupportedInterfaceOrientations_iPad = "UIInterfaceOrientationPortrait UIInterfaceOrientationPortraitUpsideDown UIInterfaceOrientationLandscapeLeft UIInterfaceOrientationLandscapeRight";
				INFOPLIST_KEY_UISupportedInterfaceOrientations_iPhone = "UIInterfaceOrientationPortrait UIInterfaceOrientationLandscapeLeft UIInterfaceOrientationLandscapeRight";
				LD_RUNPATH_SEARCH_PATHS = (
					"$(inherited)",
					"@executable_path/Frameworks",
				);
				MARKETING_VERSION = 1.0;
				PRODUCT_BUNDLE_IDENTIFIER = com.example.tipcalc83183813;
				PRODUCT_NAME = "$(TARGET_NAME)";
				SWIFT_ACTIVE_COMPILATION_CONDITIONS = DEBUG;
				SWIFT_EMIT_LOC_STRINGS = YES;
				SWIFT_VERSION = 5.0;
				TARGETED_DEVICE_FAMILY = "1,2";
			};
			name = Debug;
		};
		5DDEFBC42C2A7E5700257DA7 /* Release */ = {
			isa = XCBuildConfiguration;
			buildSettings = {
				ASSETCATALOG_COMPILER_APPICON_NAME = AppIcon;
				ASSETCATALOG_COMPILER_GLOBAL_ACCENT_COLOR_NAME = AccentColor;
				CODE_SIGN_STYLE = Automatic;
				CURRENT_PROJECT_VERSION = 1;
				DEVELOPMENT_ASSET_PATHS = "\"tipcalc/Preview Content\"";
				DEVELOPMENT_TEAM = SAYLUML88K;
				ENABLE_PREVIEWS = YES;
				GCC_C_LANGUAGE_STANDARD = gnu11;
				GENERATE_INFOPLIST_FILE = YES;
				INFOPLIST_KEY_UIApplicationSceneManifest_Generation = YES;
				INFOPLIST_KEY_UIApplicationSupportsIndirectInputEvents = YES;
				INFOPLIST_KEY_UILaunchScreen_Generation = YES;
				INFOPLIST_KEY_UISupportedInterfaceOrientations_iPad = "UIInterfaceOrientationPortrait UIInterfaceOrientationPortraitUpsideDown UIInterfaceOrientationLandscapeLeft UIInterfaceOrientationLandscapeRight";
				INFOPLIST_KEY_UISupportedInterfaceOrientations_iPhone = "UIInterfaceOrientationPortrait UIInterfaceOrientationLandscapeLeft UIInterfaceOrientationLandscapeRight";
				LD_RUNPATH_SEARCH_PATHS = (
					"$(inherited)",
					"@executable_path/Frameworks",
				);
				MARKETING_VERSION = 1.0;
				PRODUCT_BUNDLE_IDENTIFIER = com.example.tipcalc83183813;
				PRODUCT_NAME = "$(TARGET_NAME)";
				SWIFT_EMIT_LOC_STRINGS = YES;
				SWIFT_OPTIMIZATION_LEVEL = "-O";
				SWIFT_VERSION = 5.0;
				TARGETED_DEVICE_FAMILY = "1,2";
			};
			name = Release;
		};
		5DDEFBC62C2A7E5700257DA7 /* Debug */ = {
			isa = XCBuildConfiguration;
			buildSettings = {
				ALWAYS_EMBED_SWIFT_STANDARD_LIBRARIES = YES;
				BUNDLE_LOADER = "$(TEST_HOST)";
				CODE_SIGN_STYLE = Automatic;
				CURRENT_PROJECT_VERSION = 1;
				DEVELOPMENT_TEAM = SAYLUML88K;
				GCC_C_LANGUAGE_STANDARD = gnu11;
				GENERATE_INFOPLIST_FILE = YES;
				IPHONEOS_DEPLOYMENT_TARGET = 16.4;
				MARKETING_VERSION = 1.0;
				PRODUCT_BUNDLE_IDENTIFIER = com.example.tipcalcTests;
				PRODUCT_NAME = "$(TARGET_NAME)";
				SWIFT_ACTIVE_COMPILATION_CONDITIONS = DEBUG;
				SWIFT_EMIT_LOC_STRINGS = NO;
				SWIFT_VERSION = 5.0;
				TARGETED_DEVICE_FAMILY = "1,2";
				TEST_HOST = "$(BUILT_PRODUCTS_DIR)/tipcalc.app/$(BUNDLE_EXECUTABLE_FOLDER_PATH)/tipcalc";
			};
			name = Debug;
		};
		5DDEFBC72C2A7E5700257DA7 /* Release */ = {
			isa = XCBuildConfiguration;
			buildSettings = {
				ALWAYS_EMBED_SWIFT_STANDARD_LIBRARIES = YES;
				BUNDLE_LOADER = "$(TEST_HOST)";
				CODE_SIGN_STYLE = Automatic;
				CURRENT_PROJECT_VERSION = 1;
				DEVELOPMENT_TEAM = SAYLUML88K;
				GCC_C_LANGUAGE_STANDARD = gnu11;
				GENERATE_INFOPLIST_FILE = YES;
				IPHONEOS_DEPLOYMENT_TARGET = 16.4;
				MARKETING_VERSION = 1.0;
				PRODUCT_BUNDLE_IDENTIFIER = com.example.tipcalcTests;
				PRODUCT_NAME = "$(TARGET_NAME)";
				SWIFT_EMIT_LOC_STRINGS = NO;
				SWIFT_OPTIMIZATION_LEVEL = "-O";
				SWIFT_VERSION = 5.0;
				TARGETED_DEVICE_FAMILY = "1,2";
				TEST_HOST = "$(BUILT_PRODUCTS_DIR)/tipcalc.app/$(BUNDLE_EXECUTABLE_FOLDER_PATH)/tipcalc";
			};
			name = Release;
		};
		5DDEFBC92C2A7E5700257DA7 /* Debug */ = {
			isa = XCBuildConfiguration;
			buildSettings = {
				ALWAYS_EMBED_SWIFT_STANDARD_LIBRARIES = YES;
				CODE_SIGN_STYLE = Automatic;
				CURRENT_PROJECT_VERSION = 1;
				DEVELOPMENT_TEAM = SAYLUML88K;
				GCC_C_LANGUAGE_STANDARD = gnu11;
				GENERATE_INFOPLIST_FILE = YES;
				MARKETING_VERSION = 1.0;
				PRODUCT_BUNDLE_IDENTIFIER = com.example.tipcalcUITests;
				PRODUCT_NAME = "$(TARGET_NAME)";
				SWIFT_ACTIVE_COMPILATION_CONDITIONS = DEBUG;
				SWIFT_EMIT_LOC_STRINGS = NO;
				SWIFT_VERSION = 5.0;
				TARGETED_DEVICE_FAMILY = "1,2";
				TEST_TARGET_NAME = tipcalc;
			};
			name = Debug;
		};
		5DDEFBCA2C2A7E5700257DA7 /* Release */ = {
			isa = XCBuildConfiguration;
			buildSettings = {
				ALWAYS_EMBED_SWIFT_STANDARD_LIBRARIES = YES;
				CODE_SIGN_STYLE = Automatic;
				CURRENT_PROJECT_VERSION = 1;
				DEVELOPMENT_TEAM = SAYLUML88K;
				GCC_C_LANGUAGE_STANDARD = gnu11;
				GENERATE_INFOPLIST_FILE = YES;
				MARKETING_VERSION = 1.0;
				PRODUCT_BUNDLE_IDENTIFIER = com.example.tipcalcUITests;
				PRODUCT_NAME = "$(TARGET_NAME)";
				SWIFT_EMIT_LOC_STRINGS = NO;
				SWIFT_OPTIMIZATION_LEVEL = "-O";
				SWIFT_VERSION = 5.0;
				TARGETED_DEVICE_FAMILY = "1,2";
				TEST_TARGET_NAME = tipcalc;
			};
			name = Release;
		};
		84DE93AF2B202F63006BDECB /* Debug */ = {
			isa = XCBuildConfiguration;
			buildSettings = {
				ALWAYS_SEARCH_USER_PATHS = NO;
				ASSETCATALOG_COMPILER_GENERATE_SWIFT_ASSET_SYMBOL_EXTENSIONS = YES;
				CLANG_ANALYZER_NONNULL = YES;
				CLANG_ANALYZER_NUMBER_OBJECT_CONVERSION = YES_AGGRESSIVE;
				CLANG_CXX_LANGUAGE_STANDARD = "gnu++20";
				CLANG_ENABLE_MODULES = YES;
				CLANG_ENABLE_OBJC_ARC = YES;
				CLANG_ENABLE_OBJC_WEAK = YES;
				CLANG_WARN_BLOCK_CAPTURE_AUTORELEASING = YES;
				CLANG_WARN_BOOL_CONVERSION = YES;
				CLANG_WARN_COMMA = YES;
				CLANG_WARN_CONSTANT_CONVERSION = YES;
				CLANG_WARN_DEPRECATED_OBJC_IMPLEMENTATIONS = YES;
				CLANG_WARN_DIRECT_OBJC_ISA_USAGE = YES_ERROR;
				CLANG_WARN_DOCUMENTATION_COMMENTS = YES;
				CLANG_WARN_EMPTY_BODY = YES;
				CLANG_WARN_ENUM_CONVERSION = YES;
				CLANG_WARN_INFINITE_RECURSION = YES;
				CLANG_WARN_INT_CONVERSION = YES;
				CLANG_WARN_NON_LITERAL_NULL_CONVERSION = YES;
				CLANG_WARN_OBJC_IMPLICIT_RETAIN_SELF = YES;
				CLANG_WARN_OBJC_LITERAL_CONVERSION = YES;
				CLANG_WARN_OBJC_ROOT_CLASS = YES_ERROR;
				CLANG_WARN_QUOTED_INCLUDE_IN_FRAMEWORK_HEADER = YES;
				CLANG_WARN_RANGE_LOOP_ANALYSIS = YES;
				CLANG_WARN_STRICT_PROTOTYPES = YES;
				CLANG_WARN_SUSPICIOUS_MOVE = YES;
				CLANG_WARN_UNGUARDED_AVAILABILITY = YES_AGGRESSIVE;
				CLANG_WARN_UNREACHABLE_CODE = YES;
				CLANG_WARN__DUPLICATE_METHOD_MATCH = YES;
				COPY_PHASE_STRIP = NO;
				DEBUG_INFORMATION_FORMAT = dwarf;
				DERIVE_MACCATALYST_PRODUCT_BUNDLE_IDENTIFIER = YES;
				ENABLE_STRICT_OBJC_MSGSEND = YES;
				ENABLE_TESTABILITY = YES;
				ENABLE_USER_SCRIPT_SANDBOXING = YES;
				GCC_C_LANGUAGE_STANDARD = gnu17;
				GCC_DYNAMIC_NO_PIC = NO;
				GCC_NO_COMMON_BLOCKS = YES;
				GCC_OPTIMIZATION_LEVEL = 0;
				GCC_PREPROCESSOR_DEFINITIONS = (
					"DEBUG=1",
					"$(inherited)",
				);
				GCC_WARN_64_TO_32_BIT_CONVERSION = YES;
				GCC_WARN_ABOUT_RETURN_TYPE = YES_ERROR;
				GCC_WARN_UNDECLARED_SELECTOR = YES;
				GCC_WARN_UNINITIALIZED_AUTOS = YES_AGGRESSIVE;
				GCC_WARN_UNUSED_FUNCTION = YES;
				GCC_WARN_UNUSED_VARIABLE = YES;
				IPHONEOS_DEPLOYMENT_TARGET = 16.4;
				LOCALIZATION_PREFERS_STRING_CATALOGS = YES;
				MTL_ENABLE_DEBUG_INFO = INCLUDE_SOURCE;
				MTL_FAST_MATH = YES;
				ONLY_ACTIVE_ARCH = YES;
				SDKROOT = iphoneos;
				SWIFT_ACTIVE_COMPILATION_CONDITIONS = "DEBUG $(inherited)";
				SWIFT_OPTIMIZATION_LEVEL = "-Onone";
			};
			name = Debug;
		};
		84DE93B02B202F63006BDECB /* Release */ = {
			isa = XCBuildConfiguration;
			buildSettings = {
				ALWAYS_SEARCH_USER_PATHS = NO;
				ASSETCATALOG_COMPILER_GENERATE_SWIFT_ASSET_SYMBOL_EXTENSIONS = YES;
				CLANG_ANALYZER_NONNULL = YES;
				CLANG_ANALYZER_NUMBER_OBJECT_CONVERSION = YES_AGGRESSIVE;
				CLANG_CXX_LANGUAGE_STANDARD = "gnu++20";
				CLANG_ENABLE_MODULES = YES;
				CLANG_ENABLE_OBJC_ARC = YES;
				CLANG_ENABLE_OBJC_WEAK = YES;
				CLANG_WARN_BLOCK_CAPTURE_AUTORELEASING = YES;
				CLANG_WARN_BOOL_CONVERSION = YES;
				CLANG_WARN_COMMA = YES;
				CLANG_WARN_CONSTANT_CONVERSION = YES;
				CLANG_WARN_DEPRECATED_OBJC_IMPLEMENTATIONS = YES;
				CLANG_WARN_DIRECT_OBJC_ISA_USAGE = YES_ERROR;
				CLANG_WARN_DOCUMENTATION_COMMENTS = YES;
				CLANG_WARN_EMPTY_BODY = YES;
				CLANG_WARN_ENUM_CONVERSION = YES;
				CLANG_WARN_INFINITE_RECURSION = YES;
				CLANG_WARN_INT_CONVERSION = YES;
				CLANG_WARN_NON_LITERAL_NULL_CONVERSION = YES;
				CLANG_WARN_OBJC_IMPLICIT_RETAIN_SELF = YES;
				CLANG_WARN_OBJC_LITERAL_CONVERSION = YES;
				CLANG_WARN_OBJC_ROOT_CLASS = YES_ERROR;
				CLANG_WARN_QUOTED_INCLUDE_IN_FRAMEWORK_HEADER = YES;
				CLANG_WARN_RANGE_LOOP_ANALYSIS = YES;
				CLANG_WARN_STRICT_PROTOTYPES = YES;
				CLANG_WARN_SUSPICIOUS_MOVE = YES;
				CLANG_WARN_UNGUARDED_AVAILABILITY = YES_AGGRESSIVE;
				CLANG_WARN_UNREACHABLE_CODE = YES;
				CLANG_WARN__DUPLICATE_METHOD_MATCH = YES;
				COPY_PHASE_STRIP = NO;
				DEBUG_INFORMATION_FORMAT = "dwarf-with-dsym";
				DERIVE_MACCATALYST_PRODUCT_BUNDLE_IDENTIFIER = YES;
				ENABLE_NS_ASSERTIONS = NO;
				ENABLE_STRICT_OBJC_MSGSEND = YES;
				ENABLE_USER_SCRIPT_SANDBOXING = YES;
				GCC_C_LANGUAGE_STANDARD = gnu17;
				GCC_NO_COMMON_BLOCKS = YES;
				GCC_WARN_64_TO_32_BIT_CONVERSION = YES;
				GCC_WARN_ABOUT_RETURN_TYPE = YES_ERROR;
				GCC_WARN_UNDECLARED_SELECTOR = YES;
				GCC_WARN_UNINITIALIZED_AUTOS = YES_AGGRESSIVE;
				GCC_WARN_UNUSED_FUNCTION = YES;
				GCC_WARN_UNUSED_VARIABLE = YES;
				IPHONEOS_DEPLOYMENT_TARGET = 16.4;
				LOCALIZATION_PREFERS_STRING_CATALOGS = YES;
				MTL_ENABLE_DEBUG_INFO = NO;
				MTL_FAST_MATH = YES;
				SDKROOT = iphoneos;
				SWIFT_COMPILATION_MODE = wholemodule;
				VALIDATE_PRODUCT = YES;
			};
			name = Release;
		};
/* End XCBuildConfiguration section */

/* Begin XCConfigurationList section */
		5DDEFBC22C2A7E5700257DA7 /* Build configuration list for PBXNativeTarget "tipcalc" */ = {
			isa = XCConfigurationList;
			buildConfigurations = (
				5DDEFBC32C2A7E5700257DA7 /* Debug */,
				5DDEFBC42C2A7E5700257DA7 /* Release */,
			);
			defaultConfigurationIsVisible = 0;
			defaultConfigurationName = Release;
		};
		5DDEFBC52C2A7E5700257DA7 /* Build configuration list for PBXNativeTarget "tipcalcTests" */ = {
			isa = XCConfigurationList;
			buildConfigurations = (
				5DDEFBC62C2A7E5700257DA7 /* Debug */,
				5DDEFBC72C2A7E5700257DA7 /* Release */,
			);
			defaultConfigurationIsVisible = 0;
			defaultConfigurationName = Release;
		};
		5DDEFBC82C2A7E5700257DA7 /* Build configuration list for PBXNativeTarget "tipcalcUITests" */ = {
			isa = XCConfigurationList;
			buildConfigurations = (
				5DDEFBC92C2A7E5700257DA7 /* Debug */,
				5DDEFBCA2C2A7E5700257DA7 /* Release */,
			);
			defaultConfigurationIsVisible = 0;
			defaultConfigurationName = Release;
		};
		84DE93982B202F62006BDECB /* Build configuration list for PBXProject "DailyLog" */ = {
			isa = XCConfigurationList;
			buildConfigurations = (
				84DE93AF2B202F63006BDECB /* Debug */,
				84DE93B02B202F63006BDECB /* Release */,
			);
			defaultConfigurationIsVisible = 0;
			defaultConfigurationName = Release;
		};
/* End XCConfigurationList section */

/* Begin XCRemoteSwiftPackageReference section */
		84C3CE782B2179310036700C /* XCRemoteSwiftPackageReference "strada-ios" */ = {
			isa = XCRemoteSwiftPackageReference;
			repositoryURL = "https://github.com/hotwired/strada-ios/";
			requirement = {
				branch = "fix-redirect-issue";
				kind = branch;
			};
		};
		84DE93B62B203033006BDECB /* XCRemoteSwiftPackageReference "turbo-ios" */ = {
			isa = XCRemoteSwiftPackageReference;
			repositoryURL = "https://github.com/hotwired/turbo-ios";
			requirement = {
				branch = "turbo-navigator";
				kind = branch;
			};
		};
/* End XCRemoteSwiftPackageReference section */
	};
	rootObject = 84DE93952B202F62006BDECB /* Project object */;
}
